
Microsoft Visual Studio Solution File, Format Version 12.00
# Visual Studio 2013
VisualStudioVersion = 12.0.21005.1
MinimumVisualStudioVersion = 10.0.40219.1
Project("{FAE04EC0-301F-11D3-BF4B-00C04F79EFBC}") = "Mad Bomber!", "Mad Bomber!\Mad Bomber!.csproj", "{863DD6CC-1E60-4C19-8CF9-06744B187B98}"
EndProject
Global
	GlobalSection(SolutionConfigurationPlatforms) = preSolution
		Debug|Any CPU = Debug|Any CPU
		Release|Any CPU = Release|Any CPU
	EndGlobalSection
	GlobalSection(ProjectConfigurationPlatforms) = postSolution
		{863DD6CC-1E60-4C19-8CF9-06744B187B98}.Debug|Any CPU.ActiveCfg = Debug|Any CPU
		{863DD6CC-1E60-4C19-8CF9-06744B187B98}.Debug|Any CPU.Build.0 = Debug|Any CPU
		{863DD6CC-1E60-4C19-8CF9-06744B187B98}.Release|Any CPU.ActiveCfg = Release|Any CPU
		{863DD6CC-1E60-4C19-8CF9-06744B187B98}.Release|Any CPU.Build.0 = Release|Any CPU
	EndGlobalSection
	GlobalSection(SolutionProperties) = preSolution
		HideSolutionNode = FALSE
	EndGlobalSection
EndGlobal
